
Microsoft Visual Studio Solution File, Format Version 12.00
Project("{FAE04EC0-301F-11D3-BF4B-00C04F79EFBC}") = "Memester.ApplicationHost", "Memester.ApplicationHost\Memester.ApplicationHost.csproj", "{9CE70136-DA0C-45B3-8C83-D25E76350DE8}"
EndProject
Project("{FAE04EC0-301F-11D3-BF4B-00C04F79EFBC}") = "Memester.Models", "Memester.Models\Memester.Models.csproj", "{F4FB9749-8E85-4780-9E11-76DC8B9D01FA}"
EndProject
Project("{FAE04EC0-301F-11D3-BF4B-00C04F79EFBC}") = "Memester.Services", "Memester.Services\Memester.Services.csproj", "{66762519-DBBB-4882-98E8-08400C0BEA3C}"
EndProject
Project("{FAE04EC0-301F-11D3-BF4B-00C04F79EFBC}") = "Memester.Database", "Memester.Database\Memester.Database.csproj", "{DC475064-2274-41B0-84E9-52808178770D}"
EndProject
Project("{FAE04EC0-301F-11D3-BF4B-00C04F79EFBC}") = "Memester.Application.Models", "Memester.Application.Models\Memester.Application.Models.csproj", "{E968571A-BA61-4A68-85FE-26D825BF6786}"
EndProject
Project("{FAE04EC0-301F-11D3-BF4B-00C04F79EFBC}") = "Memester.Core", "Memester.Core\Memester.Core.csproj", "{F05ED1F0-2818-487F-82F9-9A0E6EA9B09A}"
EndProject
Project("{FAE04EC0-301F-11D3-BF4B-00C04F79EFBC}") = "Memester.FileStorage", "Memester.FileStorage\Memester.FileStorage.csproj", "{FE85925C-7F99-4791-BB0E-96759BD618C7}"
EndProject
Project("{FAE04EC0-301F-11D3-BF4B-00C04F79EFBC}") = "Memester.UnitTests", "Memester.UnitTests\Memester.UnitTests.csproj", "{70B57330-CFED-40C2-8CFD-6F8AD5C29224}"
EndProject
Global
	GlobalSection(SolutionConfigurationPlatforms) = preSolution
		Debug|Any CPU = Debug|Any CPU
		Release|Any CPU = Release|Any CPU
	EndGlobalSection
	GlobalSection(ProjectConfigurationPlatforms) = postSolution
		{9CE70136-DA0C-45B3-8C83-D25E76350DE8}.Debug|Any CPU.ActiveCfg = Debug|Any CPU
		{9CE70136-DA0C-45B3-8C83-D25E76350DE8}.Debug|Any CPU.Build.0 = Debug|Any CPU
		{9CE70136-DA0C-45B3-8C83-D25E76350DE8}.Release|Any CPU.ActiveCfg = Release|Any CPU
		{9CE70136-DA0C-45B3-8C83-D25E76350DE8}.Release|Any CPU.Build.0 = Release|Any CPU
		{F4FB9749-8E85-4780-9E11-76DC8B9D01FA}.Debug|Any CPU.ActiveCfg = Debug|Any CPU
		{F4FB9749-8E85-4780-9E11-76DC8B9D01FA}.Debug|Any CPU.Build.0 = Debug|Any CPU
		{F4FB9749-8E85-4780-9E11-76DC8B9D01FA}.Release|Any CPU.ActiveCfg = Release|Any CPU
		{F4FB9749-8E85-4780-9E11-76DC8B9D01FA}.Release|Any CPU.Build.0 = Release|Any CPU
		{66762519-DBBB-4882-98E8-08400C0BEA3C}.Debug|Any CPU.ActiveCfg = Debug|Any CPU
		{66762519-DBBB-4882-98E8-08400C0BEA3C}.Debug|Any CPU.Build.0 = Debug|Any CPU
		{66762519-DBBB-4882-98E8-08400C0BEA3C}.Release|Any CPU.ActiveCfg = Release|Any CPU
		{66762519-DBBB-4882-98E8-08400C0BEA3C}.Release|Any CPU.Build.0 = Release|Any CPU
		{DC475064-2274-41B0-84E9-52808178770D}.Debug|Any CPU.ActiveCfg = Debug|Any CPU
		{DC475064-2274-41B0-84E9-52808178770D}.Debug|Any CPU.Build.0 = Debug|Any CPU
		{DC475064-2274-41B0-84E9-52808178770D}.Release|Any CPU.ActiveCfg = Release|Any CPU
		{DC475064-2274-41B0-84E9-52808178770D}.Release|Any CPU.Build.0 = Release|Any CPU
		{E968571A-BA61-4A68-85FE-26D825BF6786}.Debug|Any CPU.ActiveCfg = Debug|Any CPU
		{E968571A-BA61-4A68-85FE-26D825BF6786}.Debug|Any CPU.Build.0 = Debug|Any CPU
		{E968571A-BA61-4A68-85FE-26D825BF6786}.Release|Any CPU.ActiveCfg = Release|Any CPU
		{E968571A-BA61-4A68-85FE-26D825BF6786}.Release|Any CPU.Build.0 = Release|Any CPU
		{F05ED1F0-2818-487F-82F9-9A0E6EA9B09A}.Debug|Any CPU.ActiveCfg = Debug|Any CPU
		{F05ED1F0-2818-487F-82F9-9A0E6EA9B09A}.Debug|Any CPU.Build.0 = Debug|Any CPU
		{F05ED1F0-2818-487F-82F9-9A0E6EA9B09A}.Release|Any CPU.ActiveCfg = Release|Any CPU
		{F05ED1F0-2818-487F-82F9-9A0E6EA9B09A}.Release|Any CPU.Build.0 = Release|Any CPU
		{FE85925C-7F99-4791-BB0E-96759BD618C7}.Debug|Any CPU.ActiveCfg = Debug|Any CPU
		{FE85925C-7F99-4791-BB0E-96759BD618C7}.Debug|Any CPU.Build.0 = Debug|Any CPU
		{FE85925C-7F99-4791-BB0E-96759BD618C7}.Release|Any CPU.ActiveCfg = Release|Any CPU
		{FE85925C-7F99-4791-BB0E-96759BD618C7}.Release|Any CPU.Build.0 = Release|Any CPU
		{70B57330-CFED-40C2-8CFD-6F8AD5C29224}.Debug|Any CPU.ActiveCfg = Debug|Any CPU
		{70B57330-CFED-40C2-8CFD-6F8AD5C29224}.Debug|Any CPU.Build.0 = Debug|Any CPU
		{70B57330-CFED-40C2-8CFD-6F8AD5C29224}.Release|Any CPU.ActiveCfg = Release|Any CPU
		{70B57330-CFED-40C2-8CFD-6F8AD5C29224}.Release|Any CPU.Build.0 = Release|Any CPU
	EndGlobalSection
EndGlobal
